
Microsoft Visual Studio Solution File, Format Version 12.00
# Visual Studio 15
VisualStudioVersion = 15.0.28307.329
MinimumVisualStudioVersion = 10.0.40219.1
Project("{FAE04EC0-301F-11D3-BF4B-00C04F79EFBC}") = "EventsExpress", "EventsExpress\EventsExpress.csproj", "{A3C5B4D6-285E-4B24-A3E8-6E037BD9943E}"
EndProject
Global
	GlobalSection(SolutionConfigurationPlatforms) = preSolution
		Debug|Any CPU = Debug|Any CPU
		Release|Any CPU = Release|Any CPU
	EndGlobalSection
	GlobalSection(ProjectConfigurationPlatforms) = postSolution
		{A3C5B4D6-285E-4B24-A3E8-6E037BD9943E}.Debug|Any CPU.ActiveCfg = Debug|Any CPU
		{A3C5B4D6-285E-4B24-A3E8-6E037BD9943E}.Debug|Any CPU.Build.0 = Debug|Any CPU
		{A3C5B4D6-285E-4B24-A3E8-6E037BD9943E}.Release|Any CPU.ActiveCfg = Release|Any CPU
		{A3C5B4D6-285E-4B24-A3E8-6E037BD9943E}.Release|Any CPU.Build.0 = Release|Any CPU
	EndGlobalSection
	GlobalSection(SolutionProperties) = preSolution
		HideSolutionNode = FALSE
	EndGlobalSection
	GlobalSection(ExtensibilityGlobals) = postSolution
		SolutionGuid = {2ADAA1BD-8F27-4037-8D83-9EAD61F531AD}
	EndGlobalSection
EndGlobal
